
Microsoft Visual Studio Solution File, Format Version 12.00
# Visual Studio Version 17
VisualStudioVersion = 17.8.34316.72
MinimumVisualStudioVersion = 10.0.40219.1
Project("{9A19103F-16F7-4668-BE54-9A1E7A4F7556}") = "LobbyAPI", "LobbyAPI\LobbyAPI.csproj", "{CBDE8FAE-C943-4928-9597-7FD27D9F7568}"
EndProject
Project("{FAE04EC0-301F-11D3-BF4B-00C04F79EFBC}") = "Infrastructure", "Infrastructure\Infrastructure.csproj", "{C74BB59C-86A1-4CB7-9EDD-1C745D1F4D5B}"
EndProject
Project("{FAE04EC0-301F-11D3-BF4B-00C04F79EFBC}") = "Domain", "Domain\Domain.csproj", "{13914CD2-4301-47B1-8E2B-869D76D394E4}"
EndProject
Global
	GlobalSection(SolutionConfigurationPlatforms) = preSolution
		Debug|Any CPU = Debug|Any CPU
		Release|Any CPU = Release|Any CPU
	EndGlobalSection
	GlobalSection(ProjectConfigurationPlatforms) = postSolution
		{CBDE8FAE-C943-4928-9597-7FD27D9F7568}.Debug|Any CPU.ActiveCfg = Debug|Any CPU
		{CBDE8FAE-C943-4928-9597-7FD27D9F7568}.Debug|Any CPU.Build.0 = Debug|Any CPU
		{CBDE8FAE-C943-4928-9597-7FD27D9F7568}.Release|Any CPU.ActiveCfg = Release|Any CPU
		{CBDE8FAE-C943-4928-9597-7FD27D9F7568}.Release|Any CPU.Build.0 = Release|Any CPU
		{C74BB59C-86A1-4CB7-9EDD-1C745D1F4D5B}.Debug|Any CPU.ActiveCfg = Debug|Any CPU
		{C74BB59C-86A1-4CB7-9EDD-1C745D1F4D5B}.Debug|Any CPU.Build.0 = Debug|Any CPU
		{C74BB59C-86A1-4CB7-9EDD-1C745D1F4D5B}.Release|Any CPU.ActiveCfg = Release|Any CPU
		{C74BB59C-86A1-4CB7-9EDD-1C745D1F4D5B}.Release|Any CPU.Build.0 = Release|Any CPU
		{13914CD2-4301-47B1-8E2B-869D76D394E4}.Debug|Any CPU.ActiveCfg = Debug|Any CPU
		{13914CD2-4301-47B1-8E2B-869D76D394E4}.Debug|Any CPU.Build.0 = Debug|Any CPU
		{13914CD2-4301-47B1-8E2B-869D76D394E4}.Release|Any CPU.ActiveCfg = Release|Any CPU
		{13914CD2-4301-47B1-8E2B-869D76D394E4}.Release|Any CPU.Build.0 = Release|Any CPU
	EndGlobalSection
	GlobalSection(SolutionProperties) = preSolution
		HideSolutionNode = FALSE
	EndGlobalSection
	GlobalSection(ExtensibilityGlobals) = postSolution
		SolutionGuid = {68E97D5B-D101-40B9-891E-4A56102A7D8D}
	EndGlobalSection
EndGlobal
